
Microsoft Visual Studio Solution File, Format Version 12.00
# Visual Studio Version 17
VisualStudioVersion = 17.8.34511.84
MinimumVisualStudioVersion = 10.0.40219.1
Project("{9A19103F-16F7-4668-BE54-9A1E7A4F7556}") = "MassApp", "MassApp\MassApp.csproj", "{A71028EA-74D4-4818-B262-0412978E5A37}"
EndProject
Project("{9A19103F-16F7-4668-BE54-9A1E7A4F7556}") = "Ecom", "..\Ecom\Ecom\Ecom.csproj", "{6286267F-424C-459A-A661-0F2D805B1019}"
EndProject
Global
	GlobalSection(SolutionConfigurationPlatforms) = preSolution
		Debug|Any CPU = Debug|Any CPU
		Release|Any CPU = Release|Any CPU
	EndGlobalSection
	GlobalSection(ProjectConfigurationPlatforms) = postSolution
		{A71028EA-74D4-4818-B262-0412978E5A37}.Debug|Any CPU.ActiveCfg = Debug|Any CPU
		{A71028EA-74D4-4818-B262-0412978E5A37}.Debug|Any CPU.Build.0 = Debug|Any CPU
		{A71028EA-74D4-4818-B262-0412978E5A37}.Release|Any CPU.ActiveCfg = Release|Any CPU
		{A71028EA-74D4-4818-B262-0412978E5A37}.Release|Any CPU.Build.0 = Release|Any CPU
		{6286267F-424C-459A-A661-0F2D805B1019}.Debug|Any CPU.ActiveCfg = Debug|Any CPU
		{6286267F-424C-459A-A661-0F2D805B1019}.Debug|Any CPU.Build.0 = Debug|Any CPU
		{6286267F-424C-459A-A661-0F2D805B1019}.Release|Any CPU.ActiveCfg = Release|Any CPU
		{6286267F-424C-459A-A661-0F2D805B1019}.Release|Any CPU.Build.0 = Release|Any CPU
	EndGlobalSection
	GlobalSection(SolutionProperties) = preSolution
		HideSolutionNode = FALSE
	EndGlobalSection
	GlobalSection(ExtensibilityGlobals) = postSolution
		SolutionGuid = {5184CDAC-FFDA-4543-87D2-BA4257F46D68}
	EndGlobalSection
EndGlobal
